
Microsoft Visual Studio Solution File, Format Version 10.00
# Visual Studio 2008
Project("{FAE04EC0-301F-11D3-BF4B-00C04F79EFBC}") = "Luxury Move", "Luxury Move\Luxury Move.csproj", "{0DC443AA-E4DB-4098-B42B-5EB783E3BF39}"
EndProject
Global
	GlobalSection(SolutionConfigurationPlatforms) = preSolution
		Debug|Any CPU = Debug|Any CPU
		Release|Any CPU = Release|Any CPU
	EndGlobalSection
	GlobalSection(ProjectConfigurationPlatforms) = postSolution
		{0DC443AA-E4DB-4098-B42B-5EB783E3BF39}.Debug|Any CPU.ActiveCfg = Debug|Any CPU
		{0DC443AA-E4DB-4098-B42B-5EB783E3BF39}.Debug|Any CPU.Build.0 = Debug|Any CPU
		{0DC443AA-E4DB-4098-B42B-5EB783E3BF39}.Release|Any CPU.ActiveCfg = Release|Any CPU
		{0DC443AA-E4DB-4098-B42B-5EB783E3BF39}.Release|Any CPU.Build.0 = Release|Any CPU
	EndGlobalSection
	GlobalSection(SolutionProperties) = preSolution
		HideSolutionNode = FALSE
	EndGlobalSection
EndGlobal
